
Microsoft Visual Studio Solution File, Format Version 12.00
# Visual Studio 14
VisualStudioVersion = 14.0.25420.1
MinimumVisualStudioVersion = 10.0.40219.1
Project("{2150E333-8FDC-42A3-9474-1A3956D46DE8}") = "src", "src", "{08ADD046-9201-4A83-B7B6-0BE122EE47F0}"
	ProjectSection(SolutionItems) = preProject
		YXPUtility = YXPUtility
	EndProjectSection
EndProject
Project("{2150E333-8FDC-42A3-9474-1A3956D46DE8}") = "DataStructures", "DataStructures", "{CAA255DD-D4A2-4CFD-96C5-A4C22EB7CA07}"
	ProjectSection(SolutionItems) = preProject
		DataStructures\Array.h = DataStructures\Array.h
		DataStructures\binarytreenode.h = DataStructures\binarytreenode.h
		DataStructures\Heap.h = DataStructures\Heap.h
		DataStructures\MaxMinQueue.h = DataStructures\MaxMinQueue.h
		DataStructures\MaxMinStack.h = DataStructures\MaxMinStack.h
	EndProjectSection
EndProject
Project("{2150E333-8FDC-42A3-9474-1A3956D46DE8}") = "Utilities", "Utilities", "{E40B693E-7679-4FCE-920E-2620CE26C18A}"
	ProjectSection(SolutionItems) = preProject
		Utilities\ArrayHelper.h = Utilities\ArrayHelper.h
		Utilities\RandomHelper.h = Utilities\RandomHelper.h
		Utilities\StrAlgo.h = Utilities\StrAlgo.h
		Utilities\StrCvt.cpp = Utilities\StrCvt.cpp
		Utilities\StrCvt.h = Utilities\StrCvt.h
		Utilities\Timer.h = Utilities\Timer.h
		Utilities\YXPFileIO.cpp = Utilities\YXPFileIO.cpp
		Utilities\YXPFileIO.h = Utilities\YXPFileIO.h
	EndProjectSection
EndProject
Project("{8BC9CEB8-8B4A-11D0-8D11-00A0C91BC942}") = "YXPUtilityTest", "YXPUtilityTest\YXPUtilityTest.vcxproj", "{5322BDA3-123E-4ED4-811D-068C66A26B59}"
EndProject
Global
	GlobalSection(SolutionConfigurationPlatforms) = preSolution
		Debug|x64 = Debug|x64
		Debug|x86 = Debug|x86
		Release|x64 = Release|x64
		Release|x86 = Release|x86
	EndGlobalSection
	GlobalSection(ProjectConfigurationPlatforms) = postSolution
		{5322BDA3-123E-4ED4-811D-068C66A26B59}.Debug|x64.ActiveCfg = Debug|x64
		{5322BDA3-123E-4ED4-811D-068C66A26B59}.Debug|x64.Build.0 = Debug|x64
		{5322BDA3-123E-4ED4-811D-068C66A26B59}.Debug|x86.ActiveCfg = Debug|Win32
		{5322BDA3-123E-4ED4-811D-068C66A26B59}.Debug|x86.Build.0 = Debug|Win32
		{5322BDA3-123E-4ED4-811D-068C66A26B59}.Release|x64.ActiveCfg = Release|x64
		{5322BDA3-123E-4ED4-811D-068C66A26B59}.Release|x64.Build.0 = Release|x64
		{5322BDA3-123E-4ED4-811D-068C66A26B59}.Release|x86.ActiveCfg = Release|Win32
		{5322BDA3-123E-4ED4-811D-068C66A26B59}.Release|x86.Build.0 = Release|Win32
	EndGlobalSection
	GlobalSection(SolutionProperties) = preSolution
		HideSolutionNode = FALSE
	EndGlobalSection
	GlobalSection(NestedProjects) = preSolution
		{CAA255DD-D4A2-4CFD-96C5-A4C22EB7CA07} = {08ADD046-9201-4A83-B7B6-0BE122EE47F0}
		{E40B693E-7679-4FCE-920E-2620CE26C18A} = {08ADD046-9201-4A83-B7B6-0BE122EE47F0}
	EndGlobalSection
EndGlobal
